
Microsoft Visual Studio Solution File, Format Version 12.00
# Visual Studio Version 17
VisualStudioVersion = 17.8.34309.116
MinimumVisualStudioVersion = 10.0.40219.1
Project("{FAE04EC0-301F-11D3-BF4B-00C04F79EFBC}") = "ProjectCalculator", "ProjectCalculator\ProjectCalculator.csproj", "{84AA5AB3-0B0E-4B89-8F01-9672A07D0112}"
EndProject
Global
	GlobalSection(SolutionConfigurationPlatforms) = preSolution
		Debug|Any CPU = Debug|Any CPU
		Release|Any CPU = Release|Any CPU
	EndGlobalSection
	GlobalSection(ProjectConfigurationPlatforms) = postSolution
		{84AA5AB3-0B0E-4B89-8F01-9672A07D0112}.Debug|Any CPU.ActiveCfg = Debug|Any CPU
		{84AA5AB3-0B0E-4B89-8F01-9672A07D0112}.Debug|Any CPU.Build.0 = Debug|Any CPU
		{84AA5AB3-0B0E-4B89-8F01-9672A07D0112}.Release|Any CPU.ActiveCfg = Release|Any CPU
		{84AA5AB3-0B0E-4B89-8F01-9672A07D0112}.Release|Any CPU.Build.0 = Release|Any CPU
	EndGlobalSection
	GlobalSection(SolutionProperties) = preSolution
		HideSolutionNode = FALSE
	EndGlobalSection
	GlobalSection(ExtensibilityGlobals) = postSolution
		SolutionGuid = {6440D877-215E-4A7F-81D4-AA7BDB3EEEC8}
	EndGlobalSection
EndGlobal
